{
  "name": "array-extra",
  "version": "0.1.5",
  "lockfileVersion": 1,
  "requires": true,
  "dependencies": {
    "array-allof": {
      "version": "0.1.1",
      "resolved": "https://registry.npmjs.org/array-allof/-/array-allof-0.1.1.tgz",
      "integrity": "sha512-stQtITzmC4xCT4HbEk6l3EB4dWNEszvQjUSGfY+rh0i4VGY+AVAGnEf0aaCaFu9WAp2zfx2a17GHM7OPZE3tkg==",
      "dev": true
    },
    "array-any": {
      "version": "0.1.1",
      "resolved": "https://registry.npmjs.org/array-any/-/array-any-0.1.1.tgz",
      "integrity": "sha512-oKRP8L7jFutM7Nwamz/ILU4O/fbHU0Y9YQaU9Qh18I9z6DKqNDXMehnaOSY7ygLqaoM5CxBUkyPBX6vOkyYxbw==",
      "dev": true
    },
    "array-append": {
      "version": "0.1.6",
      "resolved": "https://registry.npmjs.org/array-append/-/array-append-0.1.6.tgz",
      "integrity": "sha512-82eoSNR7nqqRAqr0lfSul+PHqzDd/Km0zp6aLp9j+lygRjTha/ZhMKzn5/Ony1ub8i/X42ze8ErfgDU4bSjeYg==",
      "dev": true
    },
    "array-arange": {
      "version": "0.1.5",
      "resolved": "https://registry.npmjs.org/array-arange/-/array-arange-0.1.5.tgz",
      "integrity": "sha512-bCG8aGJzRfd0Ptz4+//J8kGWjzsT7dtw+iDkah16QZRQUCrXnelpZUHcujvbFc2bClVihRc9hH16Wb4YxhM+GQ==",
      "dev": true
    },
    "array-average": {
      "version": "0.1.1",
      "resolved": "https://registry.npmjs.org/array-average/-/array-average-0.1.1.tgz",
      "integrity": "sha512-5RfX39g58kMsLV9DV19rX4bFJOzcJWemPGsFE6BSynDzAxUmzygILRuS0Bgfw10xQE3zXRDkjAC7lkwHR8Y4pQ==",
      "dev": true,
      "requires": {
        "array-sumof": "0.1.1"
      }
    },
    "array-binarysearch.closest": {
      "version": "0.2.2",
      "resolved": "https://registry.npmjs.org/array-binarysearch.closest/-/array-binarysearch.closest-0.2.2.tgz",
      "integrity": "sha512-6NARQdILELpmjjcfIQ00Q4QNOvlCX5xTMqR8a8eM/QHI+RnLxkFxWtAYZq96md3jZruxb/Vy/1Ss9eaqjQY2wQ==",
      "dev": true
    },
    "array-compactto": {
      "version": "0.1.1",
      "resolved": "https://registry.npmjs.org/array-compactto/-/array-compactto-0.1.1.tgz",
      "integrity": "sha512-So72p2FeoFnwNP+tXIke0+DkKOrb69aLC4yB/oYzjozcz+4OsGEkhLVl447uKXeFo3UHiJkuTrKj9Wj6BxrzZg==",
      "dev": true
    },
    "array-containsit": {
      "version": "0.1.1",
      "resolved": "https://registry.npmjs.org/array-containsit/-/array-containsit-0.1.1.tgz",
      "integrity": "sha512-rDrNOkufk74yWvRL8W6T3VagT6bJKU6/Av1xFwgc/dRXpykyV/Y0nm2N4kH3qDvcO8qRiUAsT2QELMjPbXSbrQ==",
      "dev": true,
      "requires": {
        "array-equalto": "0.1.1"
      }
    },
    "array-copyto": {
      "version": "0.1.6",
      "resolved": "https://registry.npmjs.org/array-copyto/-/array-copyto-0.1.6.tgz",
      "integrity": "sha512-k043KLAaBvh1dcU+qhvFUYimtFuHcwHq01nOr6IzLVbakysgoSpyejlcU1uGJab+Fcz91QR3CeibjHLQWdhevg==",
      "dev": true
    },
    "array-count": {
      "version": "0.1.2",
      "resolved": "https://registry.npmjs.org/array-count/-/array-count-0.1.2.tgz",
      "integrity": "sha512-VH/iPBV4rKREDbhSSWdZcPRf3U8R72mJnIz9qP9LPtFefKBXr88k1ewWZB9QJ2vuVx2Ar3jpZH1PP73wbVjZ6g==",
      "dev": true
    },
    "array-countall": {
      "version": "0.1.2",
      "resolved": "https://registry.npmjs.org/array-countall/-/array-countall-0.1.2.tgz",
      "integrity": "sha512-oU+tvLto6w6mbNpPMtqRWyVRQQBDBDL5lHpxtOBsG1k31nJIh1SPFT/GbZ6ISXaI9MPMLJypGOO3cK/BrRBCHw==",
      "dev": true
    },
    "array-equalto": {
      "version": "0.1.1",
      "resolved": "https://registry.npmjs.org/array-equalto/-/array-equalto-0.1.1.tgz",
      "integrity": "sha512-VGbpGYXdn3yU00w+TXcb1vo8cl3mjp6Kwz5LwdjIJ6Y2XUTD+JmckVHRHSDcehducm4l7brKYMqXPHB+3tsv4Q==",
      "dev": true
    },
    "array-euclideandistance": {
      "version": "0.1.6",
      "resolved": "https://registry.npmjs.org/array-euclideandistance/-/array-euclideandistance-0.1.6.tgz",
      "integrity": "sha512-ewIZDoIY8t1SyQgZNnEwCMdc/I1gxeaHcTFDYT60kkh6L/rI5CtkLWcpE1hC2FOaPjXpORIqX5njT0v+BtfcsQ==",
      "dev": true
    },
    "array-everyof": {
      "version": "0.1.2",
      "resolved": "https://registry.npmjs.org/array-everyof/-/array-everyof-0.1.2.tgz",
      "integrity": "sha512-29df1et7+5gNz80Upx4+4I1Ok2KYDOh2slr/fap8aaZutk8/8RY1ViOzlmbMLZLx3W4tiJlg5tEyBjqV3nIqpw==",
      "dev": true
    },
    "array-filterto": {
      "version": "0.1.1",
      "resolved": "https://registry.npmjs.org/array-filterto/-/array-filterto-0.1.1.tgz",
      "integrity": "sha512-4nC5k72Py5K5xjNP0uers+IuprkPLR255MQRgSv0IUdgLfyTHMEdpXfqdldcq/56NGOXnvyikal5hNh0FnCAkQ==",
      "dev": true
    },
    "array-findall": {
      "version": "0.1.1",
      "resolved": "https://registry.npmjs.org/array-findall/-/array-findall-0.1.1.tgz",
      "integrity": "sha512-AS3cBN1P52g8y8InYfVHOP2NXG1zFL5os2I8VyOrxmqBLwsBcwt7FMXvVdmUHQeg1ZeWIdM2Ek9fk9Dnjfn+oQ==",
      "dev": true
    },
    "array-findallindices": {
      "version": "0.1.1",
      "resolved": "https://registry.npmjs.org/array-findallindices/-/array-findallindices-0.1.1.tgz",
      "integrity": "sha512-Q7HILCrmCKuKPyBDLhNyPChJifeRQCuxT3gVMxZS4QdD/PNvQX+RE8CYzeBPM91IM3ee3EKhf5uSenao0xEJSw==",
      "dev": true
    },
    "array-findin": {
      "version": "0.1.1",
      "resolved": "https://registry.npmjs.org/array-findin/-/array-findin-0.1.1.tgz",
      "integrity": "sha512-7C8Xono0UEVCU46HC3OXzYpO3uJj8ta0R8QvmYCOYv89cCcIEfvqzJ/G6vkrLB1y2FDt8IKmpPujELfhD4Nofg==",
      "dev": true
    },
    "array-findindexof": {
      "version": "0.1.1",
      "resolved": "https://registry.npmjs.org/array-findindexof/-/array-findindexof-0.1.1.tgz",
      "integrity": "sha512-bU1oixzi1mljIjzeU/J7iV9vzCTBTRnlTYdDizWRP3ozGaC935Hg0wCCq0MRgqFPpcqQhjp5D5WWwlW9BWs1SA==",
      "dev": true
    },
    "array-firstof": {
      "version": "0.1.1",
      "resolved": "https://registry.npmjs.org/array-firstof/-/array-firstof-0.1.1.tgz",
      "integrity": "sha512-+4gVx69meICQIFa1X7qbQ2P74BRWb99lmBrY8vvb9ERxtbNKOOKORL7nVv/fTpTtm7lAZ3+ep3zMx00elDmIfg==",
      "dev": true
    },
    "array-foreachof": {
      "version": "0.1.2",
      "resolved": "https://registry.npmjs.org/array-foreachof/-/array-foreachof-0.1.2.tgz",
      "integrity": "sha512-CKoj2QZHV9lNDbW4ywRrlr5TgTNiG++7VROxBVSDNxnXGvqWM2D5DILqFadBGNemALDvPcHgpEP2DroY9mu/mw==",
      "dev": true
    },
    "array-fromentries": {
      "version": "0.1.4",
      "resolved": "https://registry.npmjs.org/array-fromentries/-/array-fromentries-0.1.4.tgz",
      "integrity": "sha512-H2VyTz9BUPaIllc55zJR4lJHafAgQm/W3d5u6/sBbt0q93J8U5ugC7qWK+Divjo2LI4zRX7o6FwBCCAATymYXg==",
      "dev": true
    },
    "array-fromlists": {
      "version": "0.1.4",
      "resolved": "https://registry.npmjs.org/array-fromlists/-/array-fromlists-0.1.4.tgz",
      "integrity": "sha512-/rqK56wccTaWNw+i2gKXSQDU64Fonhj4A5nfGX2uS8iYnZPsP0oJ5zrWhaxADsnM+kFzy3QsRdWjXHjccMUtRg==",
      "dev": true
    },
    "array-hammingdistance": {
      "version": "0.1.5",
      "resolved": "https://registry.npmjs.org/array-hammingdistance/-/array-hammingdistance-0.1.5.tgz",
      "integrity": "sha512-ccYAKR+RzyHipIK6CRsQhlHxaCdJiIEhxdzZ8J84TfO2VfvA/zPmf3s83IpQrAAI8ZS1BMyjOQd1qkuWgWTUug==",
      "dev": true
    },
    "array-includesit": {
      "version": "0.1.0",
      "resolved": "https://registry.npmjs.org/array-includesit/-/array-includesit-0.1.0.tgz",
      "integrity": "sha512-ZSYj54Ej6Rd2/WjY6Y3qOgGNuHqz30/tGJfFHV8Ziqei4cYp+MgXNISVnesiua796jUUvhDVgB0awkmNQ7Qqgg==",
      "dev": true
    },
    "array-includesonly": {
      "version": "0.1.1",
      "resolved": "https://registry.npmjs.org/array-includesonly/-/array-includesonly-0.1.1.tgz",
      "integrity": "sha512-IyhTSITaLbwJ599qFgmxlAUGzG0WHtPrZWFQlqo6j9DrQu7xFihaUy9DrcuP0Txy1mX3QNCGywKMiNP+aFeKZg==",
      "dev": true
    },
    "array-indexfor": {
      "version": "0.1.1",
      "resolved": "https://registry.npmjs.org/array-indexfor/-/array-indexfor-0.1.1.tgz",
      "integrity": "sha512-8lydz8D8iTBqCYF5xxCcM6N8NFFCNUrQdw/Wx0paLedDqeHGpHfR91tuMy0SlYhWSl3M8WhcHkwvN0RtypTDnA==",
      "dev": true
    },
    "array-indicesof": {
      "version": "0.1.1",
      "resolved": "https://registry.npmjs.org/array-indicesof/-/array-indicesof-0.1.1.tgz",
      "integrity": "sha512-F4FCFqzNQ56ZqA3SUHpuKvAQeBWfBNs/W8XF3W3GLRIxfHc5j7WPh0XPR3KQbmPhFVTj7VeJfqp2pGPp2sHZJw==",
      "dev": true
    },
    "array-is": {
      "version": "0.1.3",
      "resolved": "https://registry.npmjs.org/array-is/-/array-is-0.1.3.tgz",
      "integrity": "sha512-Q9RaxWzqT2nB8I4ifUeOfrRxYzPMJzPrdnBqAsZNEJdjZR05C/7UVsDi/6bGCb+Sbx025y/eEDmKM/bf2V7iTQ==",
      "dev": true
    },
    "array-jointo": {
      "version": "0.1.1",
      "resolved": "https://registry.npmjs.org/array-jointo/-/array-jointo-0.1.1.tgz",
      "integrity": "sha512-t8preLO4surThRhZ0WM5om9SRvagd39J5KCuTKsdOmlA565ziVjiOEq15WBpqBEQIMpr/NghFHHuK//65Pr/5Q==",
      "dev": true
    },
    "array-lastindexof": {
      "version": "0.1.1",
      "resolved": "https://registry.npmjs.org/array-lastindexof/-/array-lastindexof-0.1.1.tgz",
      "integrity": "sha512-OpZjNRswGNtih+FsQLELPrCitX8J06TTgeo7HWtR8I71V92HCO4FAk3/olB3uxPioqwZe81I68sYVUnpT04hRw==",
      "dev": true
    },
    "array-lastof": {
      "version": "0.1.1",
      "resolved": "https://registry.npmjs.org/array-lastof/-/array-lastof-0.1.1.tgz",
      "integrity": "sha512-bZdBxU8ZKlbukeEVM7im9OIAC8RNkrxywEoFhtMRegSTACvLcGxjJMP61UqyE9cFJ/tJA9fAuzW5+boBWqmuAg==",
      "dev": true
    },
    "array-linspace": {
      "version": "0.1.3",
      "resolved": "https://registry.npmjs.org/array-linspace/-/array-linspace-0.1.3.tgz",
      "integrity": "sha512-FoxG2ZAA+fNAJjlVcGaIFxkmLQVqQSm/pOyms5ZySxYKxIQlqAOOpx55q/x6YWwhibDsd1X0hwZnZIoYl2U8Bw==",
      "dev": true
    },
    "array-mapto": {
      "version": "0.1.1",
      "resolved": "https://registry.npmjs.org/array-mapto/-/array-mapto-0.1.1.tgz",
      "integrity": "sha512-MIh0jyYduY389ZuJLccrRC5cK/RGCqzrY8FHcXOml0nZ0lpKij5hrdXNnDaB8xBdvGJQlO8rpn6AEsHXe6zy3g==",
      "dev": true
    },
    "array-maxof": {
      "version": "0.1.1",
      "resolved": "https://registry.npmjs.org/array-maxof/-/array-maxof-0.1.1.tgz",
      "integrity": "sha512-yjOAMc5S4nssQowfJ68vjBdD1oKaJMrSELGUEaK9u2STTMmUyJV7qJXv/uxg3ImXgQzoEql61QZqjVR/Cqta9A==",
      "dev": true
    },
    "array-middleof": {
      "version": "0.1.1",
      "resolved": "https://registry.npmjs.org/array-middleof/-/array-middleof-0.1.1.tgz",
      "integrity": "sha512-mFNMPbL4t8l6ILepCO6/mmgLLeEfsCYdLL8tAKbsYEegLWNQCXZCuvQzrWPI8shH+INkyw5wXmnss1ySUMIb2w==",
      "dev": true
    },
    "array-minof": {
      "version": "0.1.1",
      "resolved": "https://registry.npmjs.org/array-minof/-/array-minof-0.1.1.tgz",
      "integrity": "sha512-dh7veqexXqAotqvSxN+fmzTPaN1cNGdmywnLSTaVUwTu1eyFyFAp/uKW3Ycnr5hx0JP4DD13LedbUm0nDU2VBw==",
      "dev": true
    },
    "array-moveto": {
      "version": "0.1.1",
      "resolved": "https://registry.npmjs.org/array-moveto/-/array-moveto-0.1.1.tgz",
      "integrity": "sha512-JUPmiQItnLjsD4N04TKY/rJQxdYOa1EETuNQP3hwmOWVx7iWJagjqPOiIOPuCSaS4/l0Ph6Xd1K1HxMJe2WMvQ==",
      "dev": true,
      "requires": {
        "array-copyto": "0.1.6"
      }
    },
    "array-pick": {
      "version": "0.1.4",
      "resolved": "https://registry.npmjs.org/array-pick/-/array-pick-0.1.4.tgz",
      "integrity": "sha512-5Pq8np3gFwB01jzE0smz8ts8kD2n8T9y2XvW6UxVhtXONM01p9KEQPUzs3D+RaCubZtffvDZQGsNXyxZHQxJ3w==",
      "dev": true
    },
    "array-pickas": {
      "version": "0.1.2",
      "resolved": "https://registry.npmjs.org/array-pickas/-/array-pickas-0.1.2.tgz",
      "integrity": "sha512-uDN6OEy1e4PwPsQaCuuJq9mUnklArDNERsryQWl1ZIXcndlgENtUacSJyP8JdIc4BTwKNe0Jl05/FwyWH7MJYA==",
      "dev": true,
      "requires": {
        "array-pick": "0.1.4",
        "array-sliceto": "0.1.6"
      }
    },
    "array-reduceby": {
      "version": "0.1.1",
      "resolved": "https://registry.npmjs.org/array-reduceby/-/array-reduceby-0.1.1.tgz",
      "integrity": "sha512-JJOlhTIhyK1gYZQJ1povYTR/wPnMhPYYmG1og+BcAub/F9+vE5Q2piQkBrCBYc3V4G81fuhAP/RuFH9TUNqYbg==",
      "dev": true
    },
    "array-repeatto": {
      "version": "0.1.1",
      "resolved": "https://registry.npmjs.org/array-repeatto/-/array-repeatto-0.1.1.tgz",
      "integrity": "sha512-dab04LUys1s9inWQJCHod8HB1TxUxCyKpBq/42We3uCNixPM+7XYEpCjRbaENoI0gpmbJWhmYgldVSHdb/pu7w==",
      "dev": true
    },
    "array-reverseto": {
      "version": "0.1.1",
      "resolved": "https://registry.npmjs.org/array-reverseto/-/array-reverseto-0.1.1.tgz",
      "integrity": "sha512-ORGgXlxgzaZBIhdzPH6kzSSIv4S/ACSk3xuT06binwnXOhGtWPyaGblBYnBCl+0fSSJgQQU3ccRJleckzrgiZg==",
      "dev": true
    },
    "array-sliceto": {
      "version": "0.1.6",
      "resolved": "https://registry.npmjs.org/array-sliceto/-/array-sliceto-0.1.6.tgz",
      "integrity": "sha512-H+zww6vM2uD1k64roul39ZRKADK5BfLzhd/kIhIq+5YG+K0wOuAFsN9Q9y1B1VgGQRIipHI/QQ3VLdYWnIXR/g==",
      "dev": true,
      "requires": {
        "array-copyto": "0.1.6"
      }
    },
    "array-someof": {
      "version": "0.1.1",
      "resolved": "https://registry.npmjs.org/array-someof/-/array-someof-0.1.1.tgz",
      "integrity": "sha512-mmUWiIEY5fv0cVznRsPMoevQPV9OICO6wmhJT1+XAiiBiI1MZ5yOoeUF05jSarhpOOg8diwxiKYZl7w1lTMDjA==",
      "dev": true
    },
    "array-sortindex": {
      "version": "0.1.2",
      "resolved": "https://registry.npmjs.org/array-sortindex/-/array-sortindex-0.1.2.tgz",
      "integrity": "sha512-vgv1yO7bKLonUgVnisa6yLL1LSN9AWpo4HO4R+TnOpIh3Ncjh0it7eCQmhHfr4mKyA4MAPrB5OkRfC9/KrQy5g==",
      "dev": true,
      "requires": {
        "array-binarysearch.closest": "0.2.2"
      }
    },
    "array-sortto": {
      "version": "0.1.2",
      "resolved": "https://registry.npmjs.org/array-sortto/-/array-sortto-0.1.2.tgz",
      "integrity": "sha512-daj+HVYSfCG+Xcrs3ZmiW8L3hSQdG5wLVp8sJc/OCZVbIjdo34vXDcmo3WAT0VHDoeqr/VOCXgGoMf8Oyk7V4g==",
      "dev": true,
      "requires": {
        "array-binarysearch.closest": "0.2.2"
      }
    },
    "array-sumof": {
      "version": "0.1.1",
      "resolved": "https://registry.npmjs.org/array-sumof/-/array-sumof-0.1.1.tgz",
      "integrity": "sha512-18JejUq1pf4oPmMslwJXsE6LrVieJQIJD4HgUdUXKXNEebKYSZyP1w3FyQ9gkaLLWJ1J8CqwfpFAT4OvpSvC4Q==",
      "dev": true
    },
    "array-values": {
      "version": "0.1.1",
      "resolved": "https://registry.npmjs.org/array-values/-/array-values-0.1.1.tgz",
      "integrity": "sha512-X9DWYb8CUgDICJSoqnpRDW7YAqK2tE9PgodtCfsmlwlJkqESqb2TgpqkZ6WQoIRl7vetmIEl9bNGg3UpUTxgcg==",
      "dev": true
    },
    "array-zipobject": {
      "version": "0.1.1",
      "resolved": "https://registry.npmjs.org/array-zipobject/-/array-zipobject-0.1.1.tgz",
      "integrity": "sha512-yw3f2i8/AGOFSkPvsxLCwxpEtwpYf4nt3yvBQ1B4tHOK6nNTsaxK8N1YKb9v36odEi0f46n+WhPRmW6uXULBAw==",
      "dev": true
    }
  }
}
