{
  "name": "extra-array",
  "version": "2.5.19",
  "lockfileVersion": 1,
  "requires": true,
  "dependencies": {
    "@extra-math/mod": {
      "version": "1.0.11",
      "resolved": "https://registry.npmjs.org/@extra-math/mod/-/mod-1.0.11.tgz",
      "integrity": "sha512-598w9ss0e483bSEKshngLecfal/ONAMDt+rQyba8A7HFiY95sLwJjkJGH8UkDaDfkzIXrfUiBmoYpWdhEypUDw==",
      "dev": true
    },
    "ast-types": {
      "version": "0.13.2",
      "resolved": "https://registry.npmjs.org/ast-types/-/ast-types-0.13.2.tgz",
      "integrity": "sha512-uWMHxJxtfj/1oZClOxDEV1sQ1HCDkA4MG8Gr69KKeBjEVH0R84WlejZ0y2DcwyBlpAEMltmVYkVgqfLFb2oyiA==",
      "dev": true
    },
    "crypto-random-string": {
      "version": "2.0.0",
      "resolved": "https://registry.npmjs.org/crypto-random-string/-/crypto-random-string-2.0.0.tgz",
      "integrity": "sha512-v1plID3y9r/lPhviJ1wrXpLeyUIGAZ2SHNYTEapm7/8A9nLPoyvVp3RK/EPFqn5kEznyWgYZNsRtYYIWbuG8KA==",
      "dev": true
    },
    "esprima": {
      "version": "4.0.1",
      "resolved": "https://registry.npmjs.org/esprima/-/esprima-4.0.1.tgz",
      "integrity": "sha512-eGuFFw7Upda+g4p+QHvnW0RyTX/SVeJBDM/gCtMARO0cLuT2HcEKnTPvhjV6aGeqrCB/sbNop0Kszm0jsaWU4A==",
      "dev": true
    },
    "find-npm-prefix": {
      "version": "1.0.2",
      "resolved": "https://registry.npmjs.org/find-npm-prefix/-/find-npm-prefix-1.0.2.tgz",
      "integrity": "sha512-KEftzJ+H90x6pcKtdXZEPsQse8/y/UnvzRKrOSQFprnrGaFuJ62fVkP34Iu2IYuMvyauCyoLTNkJZgrrGA2wkA==",
      "dev": true
    },
    "is-stream": {
      "version": "2.0.0",
      "resolved": "https://registry.npmjs.org/is-stream/-/is-stream-2.0.0.tgz",
      "integrity": "sha512-XCoy+WlUr7d1+Z8GgSuXmpuUFC9fOhRXglJMx+dwLKTkL44Cjd4W1Z5P+BQZpr+cR93aGP4S/s7Ftw6Nd/kiEw==",
      "dev": true
    },
    "private": {
      "version": "0.1.8",
      "resolved": "https://registry.npmjs.org/private/-/private-0.1.8.tgz",
      "integrity": "sha512-VvivMrbvd2nKkiG38qjULzlc+4Vx4wm/whI9pQD35YrARNnhxeiRktSOhSukRLFNlzg6Br/cJPet5J/u19r/mg==",
      "dev": true
    },
    "recast": {
      "version": "0.18.7",
      "resolved": "https://registry.npmjs.org/recast/-/recast-0.18.7.tgz",
      "integrity": "sha512-qNfoxvMkW4k8jJgNCfmIES7S31MEejXcEQs57eKUcQGiJUuX7cXNOD2h+W9z0rjNun2EkKqf0WvuRtmHw4NPNg==",
      "dev": true,
      "requires": {
        "ast-types": "0.13.2",
        "esprima": "~4.0.0",
        "private": "^0.1.8",
        "source-map": "~0.6.1"
      }
    },
    "source-map": {
      "version": "0.6.1",
      "resolved": "https://registry.npmjs.org/source-map/-/source-map-0.6.1.tgz",
      "integrity": "sha512-UjgapumWlbMhkBgzT7Ykc5YXUT46F0iKu8SGXq0bcwP5dz/h0Plj6enJqjz1Zbq2l5WaqYnrVbwWOWMyF3F47g==",
      "dev": true
    },
    "temp-dir": {
      "version": "2.0.0",
      "resolved": "https://registry.npmjs.org/temp-dir/-/temp-dir-2.0.0.tgz",
      "integrity": "sha512-aoBAniQmmwtcKp/7BzsH8Cxzv8OL736p7v1ihGb5e9DJ9kTwGWHrQrVB5+lfVDzfGrdRzXch+ig7LHaY1JTOrg==",
      "dev": true
    },
    "tempy": {
      "version": "0.5.0",
      "resolved": "https://registry.npmjs.org/tempy/-/tempy-0.5.0.tgz",
      "integrity": "sha512-VEY96x7gbIRfsxqsafy2l5yVxxp3PhwAGoWMyC2D2Zt5DmEv+2tGiPOrquNRpf21hhGnKLVEsuqleqiZmKG/qw==",
      "dev": true,
      "requires": {
        "is-stream": "^2.0.0",
        "temp-dir": "^2.0.0",
        "type-fest": "^0.12.0",
        "unique-string": "^2.0.0"
      }
    },
    "type-fest": {
      "version": "0.12.0",
      "resolved": "https://registry.npmjs.org/type-fest/-/type-fest-0.12.0.tgz",
      "integrity": "sha512-53RyidyjvkGpnWPMF9bQgFtWp+Sl8O2Rp13VavmJgfAP9WWG6q6TkrKU8iyJdnwnfgHI6k2hTlgqH4aSdjoTbg==",
      "dev": true
    },
    "unique-string": {
      "version": "2.0.0",
      "resolved": "https://registry.npmjs.org/unique-string/-/unique-string-2.0.0.tgz",
      "integrity": "sha512-uNaeirEPvpZWSgzwsPGtU2zVSTrn/8L5q/IexZmH0eH6SA73CmAA5U4GwORTxQAZs95TAXLNqeLoPPNO5gZfWg==",
      "dev": true,
      "requires": {
        "crypto-random-string": "^2.0.0"
      }
    }
  }
}
